
Microsoft Visual Studio Solution File, Format Version 12.00
# Visual Studio Version 18
VisualStudioVersion = 18.0.0.0
MinimumVisualStudioVersion = 10.0.40219.1
Project("{2150E333-8FDC-42A3-9474-1A3956D46DE8}") = "src", "src", "{827E0CD3-B72D-47B6-A68D-7590B98EB39B}"
EndProject
Project("{2150E333-8FDC-42A3-9474-1A3956D46DE8}") = "HostPlugin", "HostPlugin", "{14700C00-C3BC-12F6-76B6-7438FDF83FD4}"
EndProject
Project("{FAE04EC0-301F-11D3-BF4B-00C04F79EFBC}") = "PmxEditorMcp.HostPlugin", "src\HostPlugin\PmxEditorMcp.HostPlugin.csproj", "{6F7A5529-C2FC-4061-8356-FBD28E9F9930}"
EndProject
Project("{2150E333-8FDC-42A3-9474-1A3956D46DE8}") = "tests", "tests", "{0AB3BF05-4346-4AA6-1389-037BE0695223}"
EndProject
Project("{2150E333-8FDC-42A3-9474-1A3956D46DE8}") = "HostPlugin.Tests", "HostPlugin.Tests", "{55BECDF0-CDAA-DD08-5480-683BF17AB940}"
EndProject
Project("{FAE04EC0-301F-11D3-BF4B-00C04F79EFBC}") = "PmxEditorMcp.HostPlugin.Tests", "tests\HostPlugin.Tests\PmxEditorMcp.HostPlugin.Tests.csproj", "{A6AED76F-AA0A-4D4A-8767-9E41C759891E}"
EndProject
Project("{2150E333-8FDC-42A3-9474-1A3956D46DE8}") = "Bridge", "Bridge", "{A21A6857-927A-DC29-726B-77DA6C243883}"
EndProject
Project("{FAE04EC0-301F-11D3-BF4B-00C04F79EFBC}") = "PmxEditorMcp.Bridge", "src\Bridge\PmxEditorMcp.Bridge.csproj", "{C354B024-342B-425B-BFC2-79BB7A714386}"
EndProject
Project("{2150E333-8FDC-42A3-9474-1A3956D46DE8}") = "Bridge.Tests", "Bridge.Tests", "{67DEC5DE-421E-1C64-BA78-1F9C888E909D}"
EndProject
Project("{FAE04EC0-301F-11D3-BF4B-00C04F79EFBC}") = "PmxEditorMcp.Bridge.Tests", "tests\Bridge.Tests\PmxEditorMcp.Bridge.Tests.csproj", "{457E71E5-B704-49EC-AAAB-21B0571A57F0}"
EndProject
Project("{2150E333-8FDC-42A3-9474-1A3956D46DE8}") = "SignatureDump", "SignatureDump", "{55B7695E-1799-9AA0-3ABF-DB9DCC041DB7}"
EndProject
Project("{FAE04EC0-301F-11D3-BF4B-00C04F79EFBC}") = "PmxEditorMcp.SignatureDump", "src\SignatureDump\PmxEditorMcp.SignatureDump.csproj", "{B44C423D-8DAB-4A3A-A187-D23964451639}"
EndProject
Project("{2150E333-8FDC-42A3-9474-1A3956D46DE8}") = "SignatureDump.Tests", "SignatureDump.Tests", "{C65B1A32-DEC6-A860-3E33-629FD0EE6293}"
EndProject
Project("{FAE04EC0-301F-11D3-BF4B-00C04F79EFBC}") = "PmxEditorMcp.SignatureDump.Tests", "tests\SignatureDump.Tests\PmxEditorMcp.SignatureDump.Tests.csproj", "{56F10376-D417-4A9B-A36D-59F84B68F624}"
EndProject
Global
	GlobalSection(SolutionConfigurationPlatforms) = preSolution
		Debug|Any CPU = Debug|Any CPU
		Debug|x64 = Debug|x64
		Debug|x86 = Debug|x86
		Release|Any CPU = Release|Any CPU
		Release|x64 = Release|x64
		Release|x86 = Release|x86
	EndGlobalSection
	GlobalSection(ProjectConfigurationPlatforms) = postSolution
		{6F7A5529-C2FC-4061-8356-FBD28E9F9930}.Debug|Any CPU.ActiveCfg = Debug|Any CPU
		{6F7A5529-C2FC-4061-8356-FBD28E9F9930}.Debug|Any CPU.Build.0 = Debug|Any CPU
		{6F7A5529-C2FC-4061-8356-FBD28E9F9930}.Debug|x64.ActiveCfg = Debug|Any CPU
		{6F7A5529-C2FC-4061-8356-FBD28E9F9930}.Debug|x64.Build.0 = Debug|Any CPU
		{6F7A5529-C2FC-4061-8356-FBD28E9F9930}.Debug|x86.ActiveCfg = Debug|Any CPU
		{6F7A5529-C2FC-4061-8356-FBD28E9F9930}.Debug|x86.Build.0 = Debug|Any CPU
		{6F7A5529-C2FC-4061-8356-FBD28E9F9930}.Release|Any CPU.ActiveCfg = Release|Any CPU
		{6F7A5529-C2FC-4061-8356-FBD28E9F9930}.Release|Any CPU.Build.0 = Release|Any CPU
		{6F7A5529-C2FC-4061-8356-FBD28E9F9930}.Release|x64.ActiveCfg = Release|Any CPU
		{6F7A5529-C2FC-4061-8356-FBD28E9F9930}.Release|x64.Build.0 = Release|Any CPU
		{6F7A5529-C2FC-4061-8356-FBD28E9F9930}.Release|x86.ActiveCfg = Release|Any CPU
		{6F7A5529-C2FC-4061-8356-FBD28E9F9930}.Release|x86.Build.0 = Release|Any CPU
		{A6AED76F-AA0A-4D4A-8767-9E41C759891E}.Debug|Any CPU.ActiveCfg = Debug|Any CPU
		{A6AED76F-AA0A-4D4A-8767-9E41C759891E}.Debug|Any CPU.Build.0 = Debug|Any CPU
		{A6AED76F-AA0A-4D4A-8767-9E41C759891E}.Debug|x64.ActiveCfg = Debug|Any CPU
		{A6AED76F-AA0A-4D4A-8767-9E41C759891E}.Debug|x64.Build.0 = Debug|Any CPU
		{A6AED76F-AA0A-4D4A-8767-9E41C759891E}.Debug|x86.ActiveCfg = Debug|Any CPU
		{A6AED76F-AA0A-4D4A-8767-9E41C759891E}.Debug|x86.Build.0 = Debug|Any CPU
		{A6AED76F-AA0A-4D4A-8767-9E41C759891E}.Release|Any CPU.ActiveCfg = Release|Any CPU
		{A6AED76F-AA0A-4D4A-8767-9E41C759891E}.Release|Any CPU.Build.0 = Release|Any CPU
		{A6AED76F-AA0A-4D4A-8767-9E41C759891E}.Release|x64.ActiveCfg = Release|Any CPU
		{A6AED76F-AA0A-4D4A-8767-9E41C759891E}.Release|x64.Build.0 = Release|Any CPU
		{A6AED76F-AA0A-4D4A-8767-9E41C759891E}.Release|x86.ActiveCfg = Release|Any CPU
		{A6AED76F-AA0A-4D4A-8767-9E41C759891E}.Release|x86.Build.0 = Release|Any CPU
		{C354B024-342B-425B-BFC2-79BB7A714386}.Debug|Any CPU.ActiveCfg = Debug|Any CPU
		{C354B024-342B-425B-BFC2-79BB7A714386}.Debug|Any CPU.Build.0 = Debug|Any CPU
		{C354B024-342B-425B-BFC2-79BB7A714386}.Debug|x64.ActiveCfg = Debug|Any CPU
		{C354B024-342B-425B-BFC2-79BB7A714386}.Debug|x64.Build.0 = Debug|Any CPU
		{C354B024-342B-425B-BFC2-79BB7A714386}.Debug|x86.ActiveCfg = Debug|Any CPU
		{C354B024-342B-425B-BFC2-79BB7A714386}.Debug|x86.Build.0 = Debug|Any CPU
		{C354B024-342B-425B-BFC2-79BB7A714386}.Release|Any CPU.ActiveCfg = Release|Any CPU
		{C354B024-342B-425B-BFC2-79BB7A714386}.Release|Any CPU.Build.0 = Release|Any CPU
		{C354B024-342B-425B-BFC2-79BB7A714386}.Release|x64.ActiveCfg = Release|Any CPU
		{C354B024-342B-425B-BFC2-79BB7A714386}.Release|x64.Build.0 = Release|Any CPU
		{C354B024-342B-425B-BFC2-79BB7A714386}.Release|x86.ActiveCfg = Release|Any CPU
		{C354B024-342B-425B-BFC2-79BB7A714386}.Release|x86.Build.0 = Release|Any CPU
		{457E71E5-B704-49EC-AAAB-21B0571A57F0}.Debug|Any CPU.ActiveCfg = Debug|Any CPU
		{457E71E5-B704-49EC-AAAB-21B0571A57F0}.Debug|Any CPU.Build.0 = Debug|Any CPU
		{457E71E5-B704-49EC-AAAB-21B0571A57F0}.Debug|x64.ActiveCfg = Debug|Any CPU
		{457E71E5-B704-49EC-AAAB-21B0571A57F0}.Debug|x64.Build.0 = Debug|Any CPU
		{457E71E5-B704-49EC-AAAB-21B0571A57F0}.Debug|x86.ActiveCfg = Debug|Any CPU
		{457E71E5-B704-49EC-AAAB-21B0571A57F0}.Debug|x86.Build.0 = Debug|Any CPU
		{457E71E5-B704-49EC-AAAB-21B0571A57F0}.Release|Any CPU.ActiveCfg = Release|Any CPU
		{457E71E5-B704-49EC-AAAB-21B0571A57F0}.Release|Any CPU.Build.0 = Release|Any CPU
		{457E71E5-B704-49EC-AAAB-21B0571A57F0}.Release|x64.ActiveCfg = Release|Any CPU
		{457E71E5-B704-49EC-AAAB-21B0571A57F0}.Release|x64.Build.0 = Release|Any CPU
		{457E71E5-B704-49EC-AAAB-21B0571A57F0}.Release|x86.ActiveCfg = Release|Any CPU
		{457E71E5-B704-49EC-AAAB-21B0571A57F0}.Release|x86.Build.0 = Release|Any CPU
		{B44C423D-8DAB-4A3A-A187-D23964451639}.Debug|Any CPU.ActiveCfg = Debug|Any CPU
		{B44C423D-8DAB-4A3A-A187-D23964451639}.Debug|Any CPU.Build.0 = Debug|Any CPU
		{B44C423D-8DAB-4A3A-A187-D23964451639}.Debug|x64.ActiveCfg = Debug|Any CPU
		{B44C423D-8DAB-4A3A-A187-D23964451639}.Debug|x64.Build.0 = Debug|Any CPU
		{B44C423D-8DAB-4A3A-A187-D23964451639}.Debug|x86.ActiveCfg = Debug|Any CPU
		{B44C423D-8DAB-4A3A-A187-D23964451639}.Debug|x86.Build.0 = Debug|Any CPU
		{B44C423D-8DAB-4A3A-A187-D23964451639}.Release|Any CPU.ActiveCfg = Release|Any CPU
		{B44C423D-8DAB-4A3A-A187-D23964451639}.Release|Any CPU.Build.0 = Release|Any CPU
		{B44C423D-8DAB-4A3A-A187-D23964451639}.Release|x64.ActiveCfg = Release|Any CPU
		{B44C423D-8DAB-4A3A-A187-D23964451639}.Release|x64.Build.0 = Release|Any CPU
		{B44C423D-8DAB-4A3A-A187-D23964451639}.Release|x86.ActiveCfg = Release|Any CPU
		{B44C423D-8DAB-4A3A-A187-D23964451639}.Release|x86.Build.0 = Release|Any CPU
		{56F10376-D417-4A9B-A36D-59F84B68F624}.Debug|Any CPU.ActiveCfg = Debug|Any CPU
		{56F10376-D417-4A9B-A36D-59F84B68F624}.Debug|Any CPU.Build.0 = Debug|Any CPU
		{56F10376-D417-4A9B-A36D-59F84B68F624}.Debug|x64.ActiveCfg = Debug|Any CPU
		{56F10376-D417-4A9B-A36D-59F84B68F624}.Debug|x64.Build.0 = Debug|Any CPU
		{56F10376-D417-4A9B-A36D-59F84B68F624}.Debug|x86.ActiveCfg = Debug|Any CPU
		{56F10376-D417-4A9B-A36D-59F84B68F624}.Debug|x86.Build.0 = Debug|Any CPU
		{56F10376-D417-4A9B-A36D-59F84B68F624}.Release|Any CPU.ActiveCfg = Release|Any CPU
		{56F10376-D417-4A9B-A36D-59F84B68F624}.Release|Any CPU.Build.0 = Release|Any CPU
		{56F10376-D417-4A9B-A36D-59F84B68F624}.Release|x64.ActiveCfg = Release|Any CPU
		{56F10376-D417-4A9B-A36D-59F84B68F624}.Release|x64.Build.0 = Release|Any CPU
		{56F10376-D417-4A9B-A36D-59F84B68F624}.Release|x86.ActiveCfg = Release|Any CPU
		{56F10376-D417-4A9B-A36D-59F84B68F624}.Release|x86.Build.0 = Release|Any CPU
	EndGlobalSection
	GlobalSection(SolutionProperties) = preSolution
		HideSolutionNode = FALSE
	EndGlobalSection
	GlobalSection(NestedProjects) = preSolution
		{14700C00-C3BC-12F6-76B6-7438FDF83FD4} = {827E0CD3-B72D-47B6-A68D-7590B98EB39B}
		{6F7A5529-C2FC-4061-8356-FBD28E9F9930} = {14700C00-C3BC-12F6-76B6-7438FDF83FD4}
		{55BECDF0-CDAA-DD08-5480-683BF17AB940} = {0AB3BF05-4346-4AA6-1389-037BE0695223}
		{A6AED76F-AA0A-4D4A-8767-9E41C759891E} = {55BECDF0-CDAA-DD08-5480-683BF17AB940}
		{A21A6857-927A-DC29-726B-77DA6C243883} = {827E0CD3-B72D-47B6-A68D-7590B98EB39B}
		{C354B024-342B-425B-BFC2-79BB7A714386} = {A21A6857-927A-DC29-726B-77DA6C243883}
		{67DEC5DE-421E-1C64-BA78-1F9C888E909D} = {0AB3BF05-4346-4AA6-1389-037BE0695223}
		{457E71E5-B704-49EC-AAAB-21B0571A57F0} = {67DEC5DE-421E-1C64-BA78-1F9C888E909D}
		{55B7695E-1799-9AA0-3ABF-DB9DCC041DB7} = {827E0CD3-B72D-47B6-A68D-7590B98EB39B}
		{B44C423D-8DAB-4A3A-A187-D23964451639} = {55B7695E-1799-9AA0-3ABF-DB9DCC041DB7}
		{C65B1A32-DEC6-A860-3E33-629FD0EE6293} = {0AB3BF05-4346-4AA6-1389-037BE0695223}
		{56F10376-D417-4A9B-A36D-59F84B68F624} = {C65B1A32-DEC6-A860-3E33-629FD0EE6293}
	EndGlobalSection
EndGlobal
